
Microsoft Visual Studio Solution File, Format Version 12.00
# Visual Studio 15
VisualStudioVersion = 15.0.26430.14
MinimumVisualStudioVersion = 10.0.40219.1
Project("{FAE04EC0-301F-11D3-BF4B-00C04F79EFBC}") = "Artemis.Web", "Artemis.Web\Artemis.Web.csproj", "{FA406F25-A507-457B-AD0D-BB72AC9EDAED}"
EndProject
Project("{FAE04EC0-301F-11D3-BF4B-00C04F79EFBC}") = "Artemis.Common", "..\Artemis.Common\Artemis.Common.csproj", "{61AA9996-0D1A-498B-95CC-2FDF9E52FD0D}"
EndProject
Global
	GlobalSection(SolutionConfigurationPlatforms) = preSolution
		Debug|Any CPU = Debug|Any CPU
		Release|Any CPU = Release|Any CPU
	EndGlobalSection
	GlobalSection(ProjectConfigurationPlatforms) = postSolution
		{FA406F25-A507-457B-AD0D-BB72AC9EDAED}.Debug|Any CPU.ActiveCfg = Debug|Any CPU
		{FA406F25-A507-457B-AD0D-BB72AC9EDAED}.Debug|Any CPU.Build.0 = Debug|Any CPU
		{FA406F25-A507-457B-AD0D-BB72AC9EDAED}.Release|Any CPU.ActiveCfg = Release|Any CPU
		{FA406F25-A507-457B-AD0D-BB72AC9EDAED}.Release|Any CPU.Build.0 = Release|Any CPU
		{61AA9996-0D1A-498B-95CC-2FDF9E52FD0D}.Debug|Any CPU.ActiveCfg = Debug|Any CPU
		{61AA9996-0D1A-498B-95CC-2FDF9E52FD0D}.Debug|Any CPU.Build.0 = Debug|Any CPU
		{61AA9996-0D1A-498B-95CC-2FDF9E52FD0D}.Release|Any CPU.ActiveCfg = Release|Any CPU
		{61AA9996-0D1A-498B-95CC-2FDF9E52FD0D}.Release|Any CPU.Build.0 = Release|Any CPU
	EndGlobalSection
	GlobalSection(SolutionProperties) = preSolution
		HideSolutionNode = FALSE
	EndGlobalSection
EndGlobal
